
Microsoft Visual Studio Solution File, Format Version 12.00
# Visual Studio Version 17
VisualStudioVersion = 17.0.32112.339
MinimumVisualStudioVersion = 10.0.40219.1
Project("{2150E333-8FDC-42A3-9474-1A3956D46DE8}") = "src", "src", "{A13E03A0-8D74-4F48-9512-3A16D3D2E3A4}"
EndProject
Project("{9A19103F-16F7-4668-BE54-9A1E7A4F7556}") = "Talent.Backend.API", "Talent.Backend.API\Talent.Backend.API.csproj", "{C42692CD-1265-4717-8704-6D06E923C8D4}"
EndProject
Project("{9A19103F-16F7-4668-BE54-9A1E7A4F7556}") = "Talent.Backend.Common", "Talent.Backend.Utilities\Talent.Backend.Common.csproj", "{8B34D2B6-D3F8-4E21-9049-74F0CE4E6D57}"
EndProject
Project("{9A19103F-16F7-4668-BE54-9A1E7A4F7556}") = "Talent.Backend.Authentication", "Talent.Backend.Authentication\Talent.Backend.Authentication.csproj", "{C905F8D5-6917-4DC1-857B-89A44713ED63}"
EndProject
Project("{9A19103F-16F7-4668-BE54-9A1E7A4F7556}") = "Talent.Backend.Service", "Talent.Backend.Service\Talent.Backend.Service.csproj", "{D82814FF-DAE5-4A26-AF25-6A34BEA5DF34}"
EndProject
Project("{9A19103F-16F7-4668-BE54-9A1E7A4F7556}") = "Talent.Backend.Bussiness", "Talent.Backend.Bussiness\Talent.Backend.Bussiness.csproj", "{0E58D1FD-C0E8-487E-A26E-27C64ABE83FC}"
EndProject
Project("{9A19103F-16F7-4668-BE54-9A1E7A4F7556}") = "Talent.Backend.DataAccessEF", "Talent.Backend.DataAccess\Talent.Backend.DataAccessEF.csproj", "{E13C1F4D-8CBA-423F-85CC-D81869E735C1}"
EndProject
Project("{9A19103F-16F7-4668-BE54-9A1E7A4F7556}") = "Talent.Backend.UnitTest", "Talent.Backend.UntTest\Talent.Backend.UnitTest.csproj", "{972D8FE8-CDA3-406A-B5A6-F9F88AFFE148}"
EndProject
Project("{2150E333-8FDC-42A3-9474-1A3956D46DE8}") = "1. Application", "1. Application", "{3132012B-33E7-4A1A-86F0-7706686CA6BE}"
EndProject
Project("{2150E333-8FDC-42A3-9474-1A3956D46DE8}") = "2. Service", "2. Service", "{4327343A-D05A-44DE-A3D3-DB6009DEB6DD}"
	ProjectSection(SolutionItems) = preProject
		Talent.Backend.API\WeatherForecast.cs = Talent.Backend.API\WeatherForecast.cs
	EndProjectSection
EndProject
Project("{2150E333-8FDC-42A3-9474-1A3956D46DE8}") = "3. Bussiness", "3. Bussiness", "{C07D52F7-80F8-4C60-B8B1-4CCCE16A37AD}"
EndProject
Project("{2150E333-8FDC-42A3-9474-1A3956D46DE8}") = "4. DataAccess", "4. DataAccess", "{40E6BDF1-18B2-4E26-92BA-2D21A19EF9A2}"
EndProject
Project("{9A19103F-16F7-4668-BE54-9A1E7A4F7556}") = "Talent.Backend.DataAccessSQLServer", "Talent.Backend.SQLServer\Talent.Backend.DataAccessSQLServer.csproj", "{0525A074-E0BA-4421-93B1-85F030EA3A7B}"
EndProject
Project("{2150E333-8FDC-42A3-9474-1A3956D46DE8}") = "Solution Items", "Solution Items", "{C659E488-9F77-4911-9477-1041F093A8F0}"
	ProjectSection(SolutionItems) = preProject
		.editorconfig = .editorconfig
	EndProjectSection
EndProject
Project("{2150E333-8FDC-42A3-9474-1A3956D46DE8}") = "5. UnitTest", "5. UnitTest", "{54140D9B-08C8-4D60-B4B1-275E54707720}"
EndProject
Project("{2150E333-8FDC-42A3-9474-1A3956D46DE8}") = "6. Authentication", "6. Authentication", "{9DBA8C96-A43A-4652-8910-693385E16E21}"
EndProject
Project("{2150E333-8FDC-42A3-9474-1A3956D46DE8}") = "7. Common", "7. Common", "{A13CEB17-6EB9-4DB0-84D0-B2B2102C7C98}"
EndProject
Project("{2150E333-8FDC-42A3-9474-1A3956D46DE8}") = "8. Notifications Service", "8. Notifications Service", "{3857F0E6-C490-4B24-B96D-D757D6DC8F3A}"
EndProject
Project("{FAE04EC0-301F-11D3-BF4B-00C04F79EFBC}") = "Talent.Backend.Email", "Talent.Backend.Email\Talent.Backend.Email.csproj", "{01C55BBC-B2CA-434D-B857-454300E64574}"
EndProject
Global
	GlobalSection(SolutionConfigurationPlatforms) = preSolution
		Debug|Any CPU = Debug|Any CPU
		Release|Any CPU = Release|Any CPU
	EndGlobalSection
	GlobalSection(ProjectConfigurationPlatforms) = postSolution
		{C42692CD-1265-4717-8704-6D06E923C8D4}.Debug|Any CPU.ActiveCfg = Debug|Any CPU
		{C42692CD-1265-4717-8704-6D06E923C8D4}.Debug|Any CPU.Build.0 = Debug|Any CPU
		{C42692CD-1265-4717-8704-6D06E923C8D4}.Release|Any CPU.ActiveCfg = Release|Any CPU
		{C42692CD-1265-4717-8704-6D06E923C8D4}.Release|Any CPU.Build.0 = Release|Any CPU
		{8B34D2B6-D3F8-4E21-9049-74F0CE4E6D57}.Debug|Any CPU.ActiveCfg = Debug|Any CPU
		{8B34D2B6-D3F8-4E21-9049-74F0CE4E6D57}.Debug|Any CPU.Build.0 = Debug|Any CPU
		{8B34D2B6-D3F8-4E21-9049-74F0CE4E6D57}.Release|Any CPU.ActiveCfg = Release|Any CPU
		{8B34D2B6-D3F8-4E21-9049-74F0CE4E6D57}.Release|Any CPU.Build.0 = Release|Any CPU
		{C905F8D5-6917-4DC1-857B-89A44713ED63}.Debug|Any CPU.ActiveCfg = Debug|Any CPU
		{C905F8D5-6917-4DC1-857B-89A44713ED63}.Debug|Any CPU.Build.0 = Debug|Any CPU
		{C905F8D5-6917-4DC1-857B-89A44713ED63}.Release|Any CPU.ActiveCfg = Release|Any CPU
		{C905F8D5-6917-4DC1-857B-89A44713ED63}.Release|Any CPU.Build.0 = Release|Any CPU
		{D82814FF-DAE5-4A26-AF25-6A34BEA5DF34}.Debug|Any CPU.ActiveCfg = Debug|Any CPU
		{D82814FF-DAE5-4A26-AF25-6A34BEA5DF34}.Debug|Any CPU.Build.0 = Debug|Any CPU
		{D82814FF-DAE5-4A26-AF25-6A34BEA5DF34}.Release|Any CPU.ActiveCfg = Release|Any CPU
		{D82814FF-DAE5-4A26-AF25-6A34BEA5DF34}.Release|Any CPU.Build.0 = Release|Any CPU
		{0E58D1FD-C0E8-487E-A26E-27C64ABE83FC}.Debug|Any CPU.ActiveCfg = Debug|Any CPU
		{0E58D1FD-C0E8-487E-A26E-27C64ABE83FC}.Debug|Any CPU.Build.0 = Debug|Any CPU
		{0E58D1FD-C0E8-487E-A26E-27C64ABE83FC}.Release|Any CPU.ActiveCfg = Release|Any CPU
		{0E58D1FD-C0E8-487E-A26E-27C64ABE83FC}.Release|Any CPU.Build.0 = Release|Any CPU
		{E13C1F4D-8CBA-423F-85CC-D81869E735C1}.Debug|Any CPU.ActiveCfg = Debug|Any CPU
		{E13C1F4D-8CBA-423F-85CC-D81869E735C1}.Debug|Any CPU.Build.0 = Debug|Any CPU
		{E13C1F4D-8CBA-423F-85CC-D81869E735C1}.Release|Any CPU.ActiveCfg = Release|Any CPU
		{E13C1F4D-8CBA-423F-85CC-D81869E735C1}.Release|Any CPU.Build.0 = Release|Any CPU
		{972D8FE8-CDA3-406A-B5A6-F9F88AFFE148}.Debug|Any CPU.ActiveCfg = Debug|Any CPU
		{972D8FE8-CDA3-406A-B5A6-F9F88AFFE148}.Debug|Any CPU.Build.0 = Debug|Any CPU
		{972D8FE8-CDA3-406A-B5A6-F9F88AFFE148}.Release|Any CPU.ActiveCfg = Release|Any CPU
		{972D8FE8-CDA3-406A-B5A6-F9F88AFFE148}.Release|Any CPU.Build.0 = Release|Any CPU
		{0525A074-E0BA-4421-93B1-85F030EA3A7B}.Debug|Any CPU.ActiveCfg = Debug|Any CPU
		{0525A074-E0BA-4421-93B1-85F030EA3A7B}.Debug|Any CPU.Build.0 = Debug|Any CPU
		{0525A074-E0BA-4421-93B1-85F030EA3A7B}.Release|Any CPU.ActiveCfg = Release|Any CPU
		{0525A074-E0BA-4421-93B1-85F030EA3A7B}.Release|Any CPU.Build.0 = Release|Any CPU
		{01C55BBC-B2CA-434D-B857-454300E64574}.Debug|Any CPU.ActiveCfg = Debug|Any CPU
		{01C55BBC-B2CA-434D-B857-454300E64574}.Debug|Any CPU.Build.0 = Debug|Any CPU
		{01C55BBC-B2CA-434D-B857-454300E64574}.Release|Any CPU.ActiveCfg = Release|Any CPU
		{01C55BBC-B2CA-434D-B857-454300E64574}.Release|Any CPU.Build.0 = Release|Any CPU
	EndGlobalSection
	GlobalSection(SolutionProperties) = preSolution
		HideSolutionNode = FALSE
	EndGlobalSection
	GlobalSection(NestedProjects) = preSolution
		{C42692CD-1265-4717-8704-6D06E923C8D4} = {3132012B-33E7-4A1A-86F0-7706686CA6BE}
		{8B34D2B6-D3F8-4E21-9049-74F0CE4E6D57} = {A13CEB17-6EB9-4DB0-84D0-B2B2102C7C98}
		{C905F8D5-6917-4DC1-857B-89A44713ED63} = {9DBA8C96-A43A-4652-8910-693385E16E21}
		{D82814FF-DAE5-4A26-AF25-6A34BEA5DF34} = {4327343A-D05A-44DE-A3D3-DB6009DEB6DD}
		{0E58D1FD-C0E8-487E-A26E-27C64ABE83FC} = {C07D52F7-80F8-4C60-B8B1-4CCCE16A37AD}
		{E13C1F4D-8CBA-423F-85CC-D81869E735C1} = {40E6BDF1-18B2-4E26-92BA-2D21A19EF9A2}
		{972D8FE8-CDA3-406A-B5A6-F9F88AFFE148} = {54140D9B-08C8-4D60-B4B1-275E54707720}
		{3132012B-33E7-4A1A-86F0-7706686CA6BE} = {A13E03A0-8D74-4F48-9512-3A16D3D2E3A4}
		{4327343A-D05A-44DE-A3D3-DB6009DEB6DD} = {A13E03A0-8D74-4F48-9512-3A16D3D2E3A4}
		{C07D52F7-80F8-4C60-B8B1-4CCCE16A37AD} = {A13E03A0-8D74-4F48-9512-3A16D3D2E3A4}
		{40E6BDF1-18B2-4E26-92BA-2D21A19EF9A2} = {A13E03A0-8D74-4F48-9512-3A16D3D2E3A4}
		{0525A074-E0BA-4421-93B1-85F030EA3A7B} = {40E6BDF1-18B2-4E26-92BA-2D21A19EF9A2}
		{54140D9B-08C8-4D60-B4B1-275E54707720} = {A13E03A0-8D74-4F48-9512-3A16D3D2E3A4}
		{9DBA8C96-A43A-4652-8910-693385E16E21} = {A13E03A0-8D74-4F48-9512-3A16D3D2E3A4}
		{A13CEB17-6EB9-4DB0-84D0-B2B2102C7C98} = {A13E03A0-8D74-4F48-9512-3A16D3D2E3A4}
		{3857F0E6-C490-4B24-B96D-D757D6DC8F3A} = {A13E03A0-8D74-4F48-9512-3A16D3D2E3A4}
		{01C55BBC-B2CA-434D-B857-454300E64574} = {3857F0E6-C490-4B24-B96D-D757D6DC8F3A}
	EndGlobalSection
	GlobalSection(ExtensibilityGlobals) = postSolution
		SolutionGuid = {4710E044-0496-48E8-9371-24DCAC9B8DDE}
	EndGlobalSection
EndGlobal
